
Microsoft Visual Studio Solution File, Format Version 12.00
# Visual Studio Version 17
VisualStudioVersion = 17.1.32210.238
MinimumVisualStudioVersion = 10.0.40219.1
Project("{9A19103F-16F7-4668-BE54-9A1E7A4F7556}") = "DevFreela.Api", "DevFreela.Api\DevFreela.Api.csproj", "{851B0548-9896-4829-8439-A0582D8B3A8E}"
EndProject
Project("{9A19103F-16F7-4668-BE54-9A1E7A4F7556}") = "DevFreela.Core", "DevFreela.Core\DevFreela.Core.csproj", "{3E0861D4-578D-4052-9248-75CB1366E5D4}"
EndProject
Project("{9A19103F-16F7-4668-BE54-9A1E7A4F7556}") = "DevFreela.Infrastructure", "DevFreela.Infrastructure\DevFreela.Infrastructure.csproj", "{C5876FAE-F180-4B7F-BDFB-14ACCFD8F884}"
EndProject
Project("{9A19103F-16F7-4668-BE54-9A1E7A4F7556}") = "DevFreela.Application", "DevFreela.Application\DevFreela.Application.csproj", "{01B7A587-3E4E-46BE-B1F6-80915E326973}"
EndProject
Project("{FAE04EC0-301F-11D3-BF4B-00C04F79EFBC}") = "DevFreela.UnitTests", "DevFreela.UnitTests\DevFreela.UnitTests.csproj", "{D3AC3453-CB25-4E0A-84F9-14367D61D9EB}"
EndProject
Global
	GlobalSection(SolutionConfigurationPlatforms) = preSolution
		Debug|Any CPU = Debug|Any CPU
		Release|Any CPU = Release|Any CPU
	EndGlobalSection
	GlobalSection(ProjectConfigurationPlatforms) = postSolution
		{851B0548-9896-4829-8439-A0582D8B3A8E}.Debug|Any CPU.ActiveCfg = Debug|Any CPU
		{851B0548-9896-4829-8439-A0582D8B3A8E}.Debug|Any CPU.Build.0 = Debug|Any CPU
		{851B0548-9896-4829-8439-A0582D8B3A8E}.Release|Any CPU.ActiveCfg = Release|Any CPU
		{851B0548-9896-4829-8439-A0582D8B3A8E}.Release|Any CPU.Build.0 = Release|Any CPU
		{3E0861D4-578D-4052-9248-75CB1366E5D4}.Debug|Any CPU.ActiveCfg = Debug|Any CPU
		{3E0861D4-578D-4052-9248-75CB1366E5D4}.Debug|Any CPU.Build.0 = Debug|Any CPU
		{3E0861D4-578D-4052-9248-75CB1366E5D4}.Release|Any CPU.ActiveCfg = Release|Any CPU
		{3E0861D4-578D-4052-9248-75CB1366E5D4}.Release|Any CPU.Build.0 = Release|Any CPU
		{C5876FAE-F180-4B7F-BDFB-14ACCFD8F884}.Debug|Any CPU.ActiveCfg = Debug|Any CPU
		{C5876FAE-F180-4B7F-BDFB-14ACCFD8F884}.Debug|Any CPU.Build.0 = Debug|Any CPU
		{C5876FAE-F180-4B7F-BDFB-14ACCFD8F884}.Release|Any CPU.ActiveCfg = Release|Any CPU
		{C5876FAE-F180-4B7F-BDFB-14ACCFD8F884}.Release|Any CPU.Build.0 = Release|Any CPU
		{01B7A587-3E4E-46BE-B1F6-80915E326973}.Debug|Any CPU.ActiveCfg = Debug|Any CPU
		{01B7A587-3E4E-46BE-B1F6-80915E326973}.Debug|Any CPU.Build.0 = Debug|Any CPU
		{01B7A587-3E4E-46BE-B1F6-80915E326973}.Release|Any CPU.ActiveCfg = Release|Any CPU
		{01B7A587-3E4E-46BE-B1F6-80915E326973}.Release|Any CPU.Build.0 = Release|Any CPU
		{D3AC3453-CB25-4E0A-84F9-14367D61D9EB}.Debug|Any CPU.ActiveCfg = Debug|Any CPU
		{D3AC3453-CB25-4E0A-84F9-14367D61D9EB}.Debug|Any CPU.Build.0 = Debug|Any CPU
		{D3AC3453-CB25-4E0A-84F9-14367D61D9EB}.Release|Any CPU.ActiveCfg = Release|Any CPU
		{D3AC3453-CB25-4E0A-84F9-14367D61D9EB}.Release|Any CPU.Build.0 = Release|Any CPU
	EndGlobalSection
	GlobalSection(SolutionProperties) = preSolution
		HideSolutionNode = FALSE
	EndGlobalSection
	GlobalSection(ExtensibilityGlobals) = postSolution
		SolutionGuid = {87D4593F-C08D-4729-A70F-E2C52218CFC3}
	EndGlobalSection
EndGlobal
